
Microsoft Visual Studio Solution File, Format Version 12.00
# Visual Studio 15
VisualStudioVersion = 15.0.28307.489
MinimumVisualStudioVersion = 10.0.40219.1
Project("{FAE04EC0-301F-11D3-BF4B-00C04F79EFBC}") = "LINQInManhattan", "LINQInManhattan\LINQInManhattan.csproj", "{E8A5B78A-E82F-4459-B55F-A91BE81072AA}"
EndProject
Global
	GlobalSection(SolutionConfigurationPlatforms) = preSolution
		Debug|Any CPU = Debug|Any CPU
		Release|Any CPU = Release|Any CPU
	EndGlobalSection
	GlobalSection(ProjectConfigurationPlatforms) = postSolution
		{E8A5B78A-E82F-4459-B55F-A91BE81072AA}.Debug|Any CPU.ActiveCfg = Debug|Any CPU
		{E8A5B78A-E82F-4459-B55F-A91BE81072AA}.Debug|Any CPU.Build.0 = Debug|Any CPU
		{E8A5B78A-E82F-4459-B55F-A91BE81072AA}.Release|Any CPU.ActiveCfg = Release|Any CPU
		{E8A5B78A-E82F-4459-B55F-A91BE81072AA}.Release|Any CPU.Build.0 = Release|Any CPU
	EndGlobalSection
	GlobalSection(SolutionProperties) = preSolution
		HideSolutionNode = FALSE
	EndGlobalSection
	GlobalSection(ExtensibilityGlobals) = postSolution
		SolutionGuid = {AF99BC54-7B2F-41DE-9132-E41213287635}
	EndGlobalSection
EndGlobal
